
Microsoft Visual Studio Solution File, Format Version 11.00
# Visual Studio 2010
Project("{FAE04EC0-301F-11D3-BF4B-00C04F79EFBC}") = "NewAssembly", "NewAssembly.csproj", "{A1B42C5C-7131-4E88-3900-EB92A10D1A94}"
EndProject
Global
	GlobalSection(SolutionConfigurationPlatforms) = preSolution
		Debug|Any CPU = Debug|Any CPU
		Release|Any CPU = Release|Any CPU
	EndGlobalSection
	GlobalSection(ProjectConfigurationPlatforms) = postSolution
		{A1B42C5C-7131-4E88-3900-EB92A10D1A94}.Debug|Any CPU.ActiveCfg = Debug|Any CPU
		{A1B42C5C-7131-4E88-3900-EB92A10D1A94}.Debug|Any CPU.Build.0 = Debug|Any CPU
		{A1B42C5C-7131-4E88-3900-EB92A10D1A94}.Release|Any CPU.ActiveCfg = Release|Any CPU
		{A1B42C5C-7131-4E88-3900-EB92A10D1A94}.Release|Any CPU.Build.0 = Release|Any CPU
	EndGlobalSection
	GlobalSection(SolutionProperties) = preSolution
		HideSolutionNode = FALSE
	EndGlobalSection
EndGlobal
